{
  "version": 4,
  "terraform_version": "0.13.3",
  "serial": 7,
  "lineage": "97ffacb5-b63f-713d-42ed-d82bdac07bb8",
  "outputs": {},
  "resources": [
    {
      "mode": "data",
      "type": "archive_file",
      "name": "welcome",
      "provider": "provider[\"registry.terraform.io/hashicorp/archive\"]",
      "instances": [
        {
          "schema_version": 0,
          "attributes": {
            "excludes": null,
            "id": "7dcfb2bf1a0ef78e0f367bed424b65c98aac4952",
            "output_base64sha256": "DgvnwuU+HF16o8mGY1xbeou7fCcYsBik65q/Y+MREhg=",
            "output_md5": "b87b69204430612120c11a9c9265e2e7",
            "output_path": "outputs/lamda-script.py.zip",
            "output_sha": "7dcfb2bf1a0ef78e0f367bed424b65c98aac4952",
            "output_size": 281,
            "source": [],
            "source_content": null,
            "source_content_filename": null,
            "source_dir": null,
            "source_file": "lamda-script.py",
            "type": "zip"
          }
        }
      ]
    },
    {
      "mode": "managed",
      "type": "aws_iam_role",
      "name": "lambda_role",
      "provider": "provider[\"registry.terraform.io/hashicorp/aws\"]",
      "instances": [
        {
          "schema_version": 0,
          "attributes": {
            "arn": "arn:aws:iam::067786325822:role/lambda_role",
            "assume_role_policy": "{\"Version\":\"2012-10-17\",\"Statement\":[{\"Sid\":\"\",\"Effect\":\"Allow\",\"Principal\":{\"Service\":\"lambda.amazonaws.com\"},\"Action\":\"sts:AssumeRole\"}]}",
            "create_date": "2020-09-25T22:24:41Z",
            "description": "",
            "force_detach_policies": false,
            "id": "lambda_role",
            "max_session_duration": 3600,
            "name": "lambda_role",
            "name_prefix": null,
            "path": "/",
            "permissions_boundary": null,
            "tags": {},
            "unique_id": "AROAQ7SDBH47ONGW7N4ZA"
          },
          "private": "bnVsbA=="
        }
      ]
    },
    {
      "mode": "managed",
      "type": "aws_iam_role_policy",
      "name": "lambda_policy",
      "provider": "provider[\"registry.terraform.io/hashicorp/aws\"]",
      "instances": [
        {
          "schema_version": 0,
          "attributes": {
            "id": "lambda_role:lambda_policy",
            "name": "lambda_policy",
            "name_prefix": null,
            "policy": "{\n  \"Version\": \"2012-10-17\",\n  \"Statement\": [\n    {\n      \"Sid\": \"Stmt1601070786070\",\n      \"Action\": \"logs:*\",\n      \"Effect\": \"Allow\",\n      \"Resource\": \"*\"\n    }\n  ]\n}\n",
            "role": "lambda_role"
          },
          "private": "bnVsbA==",
          "dependencies": [
            "aws_iam_role.lambda_role"
          ]
        }
      ]
    },
    {
      "mode": "managed",
      "type": "aws_lambda_function",
      "name": "test_lambda",
      "provider": "provider[\"registry.terraform.io/hashicorp/aws\"]",
      "instances": [
        {
          "schema_version": 0,
          "attributes": {
            "arn": "arn:aws:lambda:us-east-1:067786325822:function:date_format",
            "dead_letter_config": [],
            "description": "",
            "environment": [],
            "file_system_config": [],
            "filename": "outputs/lamda-script.py.zip",
            "function_name": "date_format",
            "handler": "lamda-script.date_format",
            "id": "date_format",
            "invoke_arn": "arn:aws:apigateway:us-east-1:lambda:path/2015-03-31/functions/arn:aws:lambda:us-east-1:067786325822:function:date_format/invocations",
            "kms_key_arn": "",
            "last_modified": "2020-09-25T22:56:35.954+0000",
            "layers": null,
            "memory_size": 128,
            "publish": false,
            "qualified_arn": "arn:aws:lambda:us-east-1:067786325822:function:date_format:$LATEST",
            "reserved_concurrent_executions": -1,
            "role": "arn:aws:iam::067786325822:role/lambda_role",
            "runtime": "python3.7",
            "s3_bucket": null,
            "s3_key": null,
            "s3_object_version": null,
            "source_code_hash": "DgvnwuU+HF16o8mGY1xbeou7fCcYsBik65q/Y+MREhg=",
            "source_code_size": 281,
            "tags": null,
            "timeout": 3,
            "timeouts": null,
            "tracing_config": [
              {
                "mode": "PassThrough"
              }
            ],
            "version": "$LATEST",
            "vpc_config": []
          },
          "private": "eyJlMmJmYjczMC1lY2FhLTExZTYtOGY4OC0zNDM2M2JjN2M0YzAiOnsiY3JlYXRlIjo2MDAwMDAwMDAwMDB9fQ==",
          "dependencies": [
            "aws_iam_role.lambda_role"
          ]
        }
      ]
    }
  ]
}
